<?xml version="1.0" encoding="UTF-8" standalone="yes" ?>
<CodeBlocks_project_file>
	<FileVersion major="1" minor="6" />
	<Project>
		<Option title="GWAlgo" />
		<Option pch_mode="2" />
		<Option compiler="gcc" />
		<Build>
			<Target title="Debug">
				<Option output="bin/Debug/GWAlgo" prefix_auto="1" extension_auto="1" />
				<Option object_output="obj/Debug/" />
				<Option type="1" />
				<Option compiler="gcc" />
				<Compiler>
					<Add option="-g" />
					<Add directory="include" />
				</Compiler>
			</Target>
			<Target title="Release">
				<Option output="bin/Release/GWAlgo" prefix_auto="1" extension_auto="1" />
				<Option object_output="obj/Release/" />
				<Option type="1" />
				<Option compiler="gcc" />
				<Compiler>
					<Add option="-O2" />
					<Add directory="include" />
				</Compiler>
				<Linker>
					<Add option="-s" />
				</Linker>
			</Target>
		</Build>
		<Compiler>
			<Add option="-Wall" />
			<Add option="-fexceptions" />
		</Compiler>
		<Unit filename="include/ArrayTools.h">
			<Option target="&lt;{~None~}&gt;" />
		</Unit>
		<Unit filename="include/Dantzig.h" />
		<Unit filename="include/F6.h" />
		<Unit filename="include/Fitness.h" />
		<Unit filename="include/GenerateurInstance.h" />
		<Unit filename="include/LireEcrire.h" />
		<Unit filename="main.cpp" />
		<Unit filename="src/ArrayTools.cpp" />
		<Unit filename="src/Dantzig.cpp" />
		<Unit filename="src/F6.cpp" />
		<Unit filename="src/Fitness.cpp" />
		<Unit filename="src/GenerateurInstance.cpp" />
		<Unit filename="src/LireEcrire.cpp" />
		<Extensions>
			<lib_finder disable_auto="1" />
		</Extensions>
	</Project>
</CodeBlocks_project_file>
